
Microsoft Visual Studio Solution File, Format Version 12.00
# Visual Studio Version 18
VisualStudioVersion = 18.0.11205.157
MinimumVisualStudioVersion = 10.0.40219.1
Project("{9A19103F-16F7-4668-BE54-9A1E7A4F7556}") = "GameSvr", "GameSvr\GameSvr.csproj", "{7D24A5E9-B907-4625-B0D6-B194996D11DE}"
EndProject
Project("{9A19103F-16F7-4668-BE54-9A1E7A4F7556}") = "SystemModule", "SystemModule\SystemModule.csproj", "{AC57E6B6-F9B1-474A-9823-DDADD343AA70}"
EndProject
Project("{9A19103F-16F7-4668-BE54-9A1E7A4F7556}") = "GameGate", "GameGate-CS\GameGate.csproj", "{0E671CB2-DC3E-4CE7-90D6-9D2760C2CE1C}"
EndProject
Project("{9A19103F-16F7-4668-BE54-9A1E7A4F7556}") = "DBSvr", "DBSvr\DBSvr.csproj", "{28ED3883-CEAF-4C74-A3C7-B3DD856F58E7}"
EndProject
Project("{2150E333-8FDC-42A3-9474-1A3956D46DE8}") = "AuditTools", "AuditTools", "{B7F10ED7-40B9-4063-F4B2-F2928D75FB2A}"
EndProject
Project("{FAE04EC0-301F-11D3-BF4B-00C04F79EFBC}") = "MallSchedulerCheck", "AuditTools\MallSchedulerCheck\MallSchedulerCheck.csproj", "{61068976-BD84-4AD9-92F0-0C274F8A1780}"
EndProject
Project("{FAE04EC0-301F-11D3-BF4B-00C04F79EFBC}") = "HeroPasAdminCheck", "AuditTools\HeroPasAdminCheck\HeroPasAdminCheck.csproj", "{A943E2DD-8791-48C4-8361-7F9E9D283250}"
EndProject
Project("{FAE04EC0-301F-11D3-BF4B-00C04F79EFBC}") = "CelebrityStateCheck", "AuditTools\CelebrityStateCheck\CelebrityStateCheck.csproj", "{F6F02EA2-97D0-43E3-8F6C-2948429F80BF}"
EndProject
Project("{FAE04EC0-301F-11D3-BF4B-00C04F79EFBC}") = "MovementCollisionCheck", "AuditTools\MovementCollisionCheck\MovementCollisionCheck.csproj", "{B040176A-72FA-44B1-AE24-FD33B7A77E6E}"
EndProject
Project("{FAE04EC0-301F-11D3-BF4B-00C04F79EFBC}") = "YanshenCdCompatCheck", "AuditTools\YanshenCdCompatCheck\YanshenCdCompatCheck.csproj", "{F1BD8EE3-3724-4F62-B188-174E9FD57D27}"
EndProject
Project("{FAE04EC0-301F-11D3-BF4B-00C04F79EFBC}") = "YanshenLaserSlotsCheck", "AuditTools\YanshenLaserSlotsCheck\YanshenLaserSlotsCheck.csproj", "{3D7A9C41-8E5B-4A62-9F13-2C6B0D48E7A5}"
EndProject
Project("{FAE04EC0-301F-11D3-BF4B-00C04F79EFBC}") = "NativeHonorDbCheck", "AuditTools\NativeHonorDbCheck\NativeHonorDbCheck.csproj", "{47FC24BF-DC3D-4F0C-A57C-C976F4F167EA}"
EndProject
Project("{FAE04EC0-301F-11D3-BF4B-00C04F79EFBC}") = "ActiveDynRoomCheck", "AuditTools\ActiveDynRoomCheck\ActiveDynRoomCheck.csproj", "{49586698-A781-49ED-BC62-7BE8D8BA6EB1}"
EndProject
Project("{FAE04EC0-301F-11D3-BF4B-00C04F79EFBC}") = "MagicTowerApiCheck", "AuditTools\MagicTowerApiCheck\MagicTowerApiCheck.csproj", "{46D1C769-849D-4DEA-87AB-0856317870BD}"
EndProject
Project("{FAE04EC0-301F-11D3-BF4B-00C04F79EFBC}") = "QuestInfoCompatCheck", "AuditTools\QuestInfoCompatCheck\QuestInfoCompatCheck.csproj", "{5A8E32CC-F1F0-4747-8801-3B51949D658B}"
EndProject
Project("{FAE04EC0-301F-11D3-BF4B-00C04F79EFBC}") = "YbGoldGiftCompatCheck", "AuditTools\YbGoldGiftCompatCheck\YbGoldGiftCompatCheck.csproj", "{B6A58CB0-E200-4641-A037-C2672F3FD506}"
EndProject
Project("{FAE04EC0-301F-11D3-BF4B-00C04F79EFBC}") = "UseNickCompatCheck", "AuditTools\UseNickCompatCheck\UseNickCompatCheck.csproj", "{623F7B68-0D47-4BA1-86F1-1F4F75864F3F}"
EndProject
Project("{FAE04EC0-301F-11D3-BF4B-00C04F79EFBC}") = "YbDealCompatCheck", "AuditTools\YbDealCompatCheck\YbDealCompatCheck.csproj", "{7C8CA880-A16A-4D33-9248-92A323A0EB04}"
EndProject
Project("{FAE04EC0-301F-11D3-BF4B-00C04F79EFBC}") = "LingFuCompatCheck", "AuditTools\LingFuCompatCheck\LingFuCompatCheck.csproj", "{5E93A56B-45A1-44E3-A423-9DDCA1051A13}"
EndProject
Project("{FAE04EC0-301F-11D3-BF4B-00C04F79EFBC}") = "DiamondGloryCompatCheck", "AuditTools\DiamondGloryCompatCheck\DiamondGloryCompatCheck.csproj", "{E59592A7-7B07-41DB-AE3F-1BAA7F9CADEC}"
EndProject
Project("{FAE04EC0-301F-11D3-BF4B-00C04F79EFBC}") = "MallCurrency4CompatCheck", "AuditTools\MallCurrency4CompatCheck\MallCurrency4CompatCheck.csproj", "{34A223B8-006A-46FB-BF7C-7E15F03D0EF3}"
EndProject
Project("{FAE04EC0-301F-11D3-BF4B-00C04F79EFBC}") = "ShengWanCreditCompatCheck", "AuditTools\ShengWanCreditCompatCheck\ShengWanCreditCompatCheck.csproj", "{2CA23BA2-4234-40F2-B4CA-ED264D128555}"
EndProject
Project("{FAE04EC0-301F-11D3-BF4B-00C04F79EFBC}") = "YbDbLegacy77CodecCheck", "AuditTools\YbDbLegacy77CodecCheck\YbDbLegacy77CodecCheck.csproj", "{6F8D42C5-5973-4B07-AE77-E6C40E866C5D}"
EndProject
Project("{FAE04EC0-301F-11D3-BF4B-00C04F79EFBC}") = "YbDbClientCompatCheck", "AuditTools\YbDbClientCompatCheck\YbDbClientCompatCheck.csproj", "{756E6B50-FB68-4BAD-AC90-A981039CF5B0}"
EndProject
Project("{FAE04EC0-301F-11D3-BF4B-00C04F79EFBC}") = "YbDbLoopbackCheck", "AuditTools\YbDbLoopbackCheck\YbDbLoopbackCheck.csproj", "{EEB80B86-4AD2-4687-8576-058E828B4726}"
EndProject
Project("{FAE04EC0-301F-11D3-BF4B-00C04F79EFBC}") = "ActivePointCompatCheck", "AuditTools\ActivePointCompatCheck\ActivePointCompatCheck.csproj", "{A74960AB-92E8-4CEB-B450-7A6711866549}"
EndProject
Project("{FAE04EC0-301F-11D3-BF4B-00C04F79EFBC}") = "ChatShieldExactCheck", "AuditTools\ChatShieldExactCheck\ChatShieldExactCheck.csproj", "{DB273D35-AF0C-4E24-8D52-1AFF8F592D6E}"
EndProject
Project("{FAE04EC0-301F-11D3-BF4B-00C04F79EFBC}") = "NativeGroupMaxMembersCheck", "AuditTools\NativeGroupMaxMembersCheck\NativeGroupMaxMembersCheck.csproj", "{7EEE68DE-931E-4DF8-8C4A-334D87C1EA21}"
EndProject
Project("{FAE04EC0-301F-11D3-BF4B-00C04F79EFBC}") = "NativeCharPushedDealCancelCheck", "AuditTools\NativeCharPushedDealCancelCheck\NativeCharPushedDealCancelCheck.csproj", "{4185AC81-47B4-4694-AC04-0AD47923EF67}"
EndProject
Project("{FAE04EC0-301F-11D3-BF4B-00C04F79EFBC}") = "NativeDealEscrowExactCheck", "AuditTools\NativeDealEscrowExactCheck\NativeDealEscrowExactCheck.csproj", "{C0D4D9F7-81EC-4CBD-9D41-CC0A2999126E}"
EndProject
Global
	GlobalSection(SolutionConfigurationPlatforms) = preSolution
		Debug|Any CPU = Debug|Any CPU
		Debug|x64 = Debug|x64
		Debug|x86 = Debug|x86
		Release|Any CPU = Release|Any CPU
		Release|x64 = Release|x64
		Release|x86 = Release|x86
	EndGlobalSection
	GlobalSection(ProjectConfigurationPlatforms) = postSolution
		{7D24A5E9-B907-4625-B0D6-B194996D11DE}.Debug|Any CPU.ActiveCfg = Debug|Any CPU
		{7D24A5E9-B907-4625-B0D6-B194996D11DE}.Debug|Any CPU.Build.0 = Debug|Any CPU
		{7D24A5E9-B907-4625-B0D6-B194996D11DE}.Debug|x64.ActiveCfg = Debug|Any CPU
		{7D24A5E9-B907-4625-B0D6-B194996D11DE}.Debug|x64.Build.0 = Debug|Any CPU
		{7D24A5E9-B907-4625-B0D6-B194996D11DE}.Debug|x86.ActiveCfg = Debug|Any CPU
		{7D24A5E9-B907-4625-B0D6-B194996D11DE}.Debug|x86.Build.0 = Debug|Any CPU
		{7D24A5E9-B907-4625-B0D6-B194996D11DE}.Release|Any CPU.ActiveCfg = Release|Any CPU
		{7D24A5E9-B907-4625-B0D6-B194996D11DE}.Release|Any CPU.Build.0 = Release|Any CPU
		{7D24A5E9-B907-4625-B0D6-B194996D11DE}.Release|x64.ActiveCfg = Release|Any CPU
		{7D24A5E9-B907-4625-B0D6-B194996D11DE}.Release|x64.Build.0 = Release|Any CPU
		{7D24A5E9-B907-4625-B0D6-B194996D11DE}.Release|x86.ActiveCfg = Release|Any CPU
		{7D24A5E9-B907-4625-B0D6-B194996D11DE}.Release|x86.Build.0 = Release|Any CPU
		{AC57E6B6-F9B1-474A-9823-DDADD343AA70}.Debug|Any CPU.ActiveCfg = Debug|Any CPU
		{AC57E6B6-F9B1-474A-9823-DDADD343AA70}.Debug|Any CPU.Build.0 = Debug|Any CPU
		{AC57E6B6-F9B1-474A-9823-DDADD343AA70}.Debug|x64.ActiveCfg = Debug|Any CPU
		{AC57E6B6-F9B1-474A-9823-DDADD343AA70}.Debug|x64.Build.0 = Debug|Any CPU
		{AC57E6B6-F9B1-474A-9823-DDADD343AA70}.Debug|x86.ActiveCfg = Debug|Any CPU
		{AC57E6B6-F9B1-474A-9823-DDADD343AA70}.Debug|x86.Build.0 = Debug|Any CPU
		{AC57E6B6-F9B1-474A-9823-DDADD343AA70}.Release|Any CPU.ActiveCfg = Release|Any CPU
		{AC57E6B6-F9B1-474A-9823-DDADD343AA70}.Release|Any CPU.Build.0 = Release|Any CPU
		{AC57E6B6-F9B1-474A-9823-DDADD343AA70}.Release|x64.ActiveCfg = Release|Any CPU
		{AC57E6B6-F9B1-474A-9823-DDADD343AA70}.Release|x64.Build.0 = Release|Any CPU
		{AC57E6B6-F9B1-474A-9823-DDADD343AA70}.Release|x86.ActiveCfg = Release|Any CPU
		{AC57E6B6-F9B1-474A-9823-DDADD343AA70}.Release|x86.Build.0 = Release|Any CPU
		{0E671CB2-DC3E-4CE7-90D6-9D2760C2CE1C}.Debug|Any CPU.ActiveCfg = Debug|Any CPU
		{0E671CB2-DC3E-4CE7-90D6-9D2760C2CE1C}.Debug|Any CPU.Build.0 = Debug|Any CPU
		{0E671CB2-DC3E-4CE7-90D6-9D2760C2CE1C}.Debug|x64.ActiveCfg = Debug|Any CPU
		{0E671CB2-DC3E-4CE7-90D6-9D2760C2CE1C}.Debug|x64.Build.0 = Debug|Any CPU
		{0E671CB2-DC3E-4CE7-90D6-9D2760C2CE1C}.Debug|x86.ActiveCfg = Debug|Any CPU
		{0E671CB2-DC3E-4CE7-90D6-9D2760C2CE1C}.Debug|x86.Build.0 = Debug|Any CPU
		{0E671CB2-DC3E-4CE7-90D6-9D2760C2CE1C}.Release|Any CPU.ActiveCfg = Release|Any CPU
		{0E671CB2-DC3E-4CE7-90D6-9D2760C2CE1C}.Release|Any CPU.Build.0 = Release|Any CPU
		{0E671CB2-DC3E-4CE7-90D6-9D2760C2CE1C}.Release|x64.ActiveCfg = Release|Any CPU
		{0E671CB2-DC3E-4CE7-90D6-9D2760C2CE1C}.Release|x64.Build.0 = Release|Any CPU
		{0E671CB2-DC3E-4CE7-90D6-9D2760C2CE1C}.Release|x86.ActiveCfg = Release|Any CPU
		{0E671CB2-DC3E-4CE7-90D6-9D2760C2CE1C}.Release|x86.Build.0 = Release|Any CPU
		{28ED3883-CEAF-4C74-A3C7-B3DD856F58E7}.Debug|Any CPU.ActiveCfg = Debug|Any CPU
		{28ED3883-CEAF-4C74-A3C7-B3DD856F58E7}.Debug|Any CPU.Build.0 = Debug|Any CPU
		{28ED3883-CEAF-4C74-A3C7-B3DD856F58E7}.Debug|x64.ActiveCfg = Debug|Any CPU
		{28ED3883-CEAF-4C74-A3C7-B3DD856F58E7}.Debug|x64.Build.0 = Debug|Any CPU
		{28ED3883-CEAF-4C74-A3C7-B3DD856F58E7}.Debug|x86.ActiveCfg = Debug|Any CPU
		{28ED3883-CEAF-4C74-A3C7-B3DD856F58E7}.Debug|x86.Build.0 = Debug|Any CPU
		{28ED3883-CEAF-4C74-A3C7-B3DD856F58E7}.Release|Any CPU.ActiveCfg = Release|Any CPU
		{28ED3883-CEAF-4C74-A3C7-B3DD856F58E7}.Release|Any CPU.Build.0 = Release|Any CPU
		{28ED3883-CEAF-4C74-A3C7-B3DD856F58E7}.Release|x64.ActiveCfg = Release|Any CPU
		{28ED3883-CEAF-4C74-A3C7-B3DD856F58E7}.Release|x64.Build.0 = Release|Any CPU
		{28ED3883-CEAF-4C74-A3C7-B3DD856F58E7}.Release|x86.ActiveCfg = Release|Any CPU
		{28ED3883-CEAF-4C74-A3C7-B3DD856F58E7}.Release|x86.Build.0 = Release|Any CPU
		{61068976-BD84-4AD9-92F0-0C274F8A1780}.Debug|Any CPU.ActiveCfg = Debug|Any CPU
		{61068976-BD84-4AD9-92F0-0C274F8A1780}.Debug|Any CPU.Build.0 = Debug|Any CPU
		{61068976-BD84-4AD9-92F0-0C274F8A1780}.Debug|x64.ActiveCfg = Debug|Any CPU
		{61068976-BD84-4AD9-92F0-0C274F8A1780}.Debug|x64.Build.0 = Debug|Any CPU
		{61068976-BD84-4AD9-92F0-0C274F8A1780}.Debug|x86.ActiveCfg = Debug|Any CPU
		{61068976-BD84-4AD9-92F0-0C274F8A1780}.Debug|x86.Build.0 = Debug|Any CPU
		{61068976-BD84-4AD9-92F0-0C274F8A1780}.Release|Any CPU.ActiveCfg = Release|Any CPU
		{61068976-BD84-4AD9-92F0-0C274F8A1780}.Release|Any CPU.Build.0 = Release|Any CPU
		{61068976-BD84-4AD9-92F0-0C274F8A1780}.Release|x64.ActiveCfg = Release|Any CPU
		{61068976-BD84-4AD9-92F0-0C274F8A1780}.Release|x64.Build.0 = Release|Any CPU
		{61068976-BD84-4AD9-92F0-0C274F8A1780}.Release|x86.ActiveCfg = Release|Any CPU
		{61068976-BD84-4AD9-92F0-0C274F8A1780}.Release|x86.Build.0 = Release|Any CPU
		{A943E2DD-8791-48C4-8361-7F9E9D283250}.Debug|Any CPU.ActiveCfg = Debug|Any CPU
		{A943E2DD-8791-48C4-8361-7F9E9D283250}.Debug|Any CPU.Build.0 = Debug|Any CPU
		{A943E2DD-8791-48C4-8361-7F9E9D283250}.Debug|x64.ActiveCfg = Debug|Any CPU
		{A943E2DD-8791-48C4-8361-7F9E9D283250}.Debug|x64.Build.0 = Debug|Any CPU
		{A943E2DD-8791-48C4-8361-7F9E9D283250}.Debug|x86.ActiveCfg = Debug|Any CPU
		{A943E2DD-8791-48C4-8361-7F9E9D283250}.Debug|x86.Build.0 = Debug|Any CPU
		{A943E2DD-8791-48C4-8361-7F9E9D283250}.Release|Any CPU.ActiveCfg = Release|Any CPU
		{A943E2DD-8791-48C4-8361-7F9E9D283250}.Release|Any CPU.Build.0 = Release|Any CPU
		{A943E2DD-8791-48C4-8361-7F9E9D283250}.Release|x64.ActiveCfg = Release|Any CPU
		{A943E2DD-8791-48C4-8361-7F9E9D283250}.Release|x64.Build.0 = Release|Any CPU
		{A943E2DD-8791-48C4-8361-7F9E9D283250}.Release|x86.ActiveCfg = Release|Any CPU
		{A943E2DD-8791-48C4-8361-7F9E9D283250}.Release|x86.Build.0 = Release|Any CPU
		{F6F02EA2-97D0-43E3-8F6C-2948429F80BF}.Debug|Any CPU.ActiveCfg = Debug|Any CPU
		{F6F02EA2-97D0-43E3-8F6C-2948429F80BF}.Debug|Any CPU.Build.0 = Debug|Any CPU
		{F6F02EA2-97D0-43E3-8F6C-2948429F80BF}.Debug|x64.ActiveCfg = Debug|Any CPU
		{F6F02EA2-97D0-43E3-8F6C-2948429F80BF}.Debug|x64.Build.0 = Debug|Any CPU
		{F6F02EA2-97D0-43E3-8F6C-2948429F80BF}.Debug|x86.ActiveCfg = Debug|Any CPU
		{F6F02EA2-97D0-43E3-8F6C-2948429F80BF}.Debug|x86.Build.0 = Debug|Any CPU
		{F6F02EA2-97D0-43E3-8F6C-2948429F80BF}.Release|Any CPU.ActiveCfg = Release|Any CPU
		{F6F02EA2-97D0-43E3-8F6C-2948429F80BF}.Release|Any CPU.Build.0 = Release|Any CPU
		{F6F02EA2-97D0-43E3-8F6C-2948429F80BF}.Release|x64.ActiveCfg = Release|Any CPU
		{F6F02EA2-97D0-43E3-8F6C-2948429F80BF}.Release|x64.Build.0 = Release|Any CPU
		{F6F02EA2-97D0-43E3-8F6C-2948429F80BF}.Release|x86.ActiveCfg = Release|Any CPU
		{F6F02EA2-97D0-43E3-8F6C-2948429F80BF}.Release|x86.Build.0 = Release|Any CPU
		{B040176A-72FA-44B1-AE24-FD33B7A77E6E}.Debug|Any CPU.ActiveCfg = Debug|Any CPU
		{B040176A-72FA-44B1-AE24-FD33B7A77E6E}.Debug|Any CPU.Build.0 = Debug|Any CPU
		{B040176A-72FA-44B1-AE24-FD33B7A77E6E}.Debug|x64.ActiveCfg = Debug|Any CPU
		{B040176A-72FA-44B1-AE24-FD33B7A77E6E}.Debug|x64.Build.0 = Debug|Any CPU
		{B040176A-72FA-44B1-AE24-FD33B7A77E6E}.Debug|x86.ActiveCfg = Debug|Any CPU
		{B040176A-72FA-44B1-AE24-FD33B7A77E6E}.Debug|x86.Build.0 = Debug|Any CPU
		{B040176A-72FA-44B1-AE24-FD33B7A77E6E}.Release|Any CPU.ActiveCfg = Release|Any CPU
		{B040176A-72FA-44B1-AE24-FD33B7A77E6E}.Release|Any CPU.Build.0 = Release|Any CPU
		{B040176A-72FA-44B1-AE24-FD33B7A77E6E}.Release|x64.ActiveCfg = Release|Any CPU
		{B040176A-72FA-44B1-AE24-FD33B7A77E6E}.Release|x64.Build.0 = Release|Any CPU
		{B040176A-72FA-44B1-AE24-FD33B7A77E6E}.Release|x86.ActiveCfg = Release|Any CPU
		{B040176A-72FA-44B1-AE24-FD33B7A77E6E}.Release|x86.Build.0 = Release|Any CPU
		{F1BD8EE3-3724-4F62-B188-174E9FD57D27}.Debug|Any CPU.ActiveCfg = Debug|Any CPU
		{F1BD8EE3-3724-4F62-B188-174E9FD57D27}.Debug|Any CPU.Build.0 = Debug|Any CPU
		{F1BD8EE3-3724-4F62-B188-174E9FD57D27}.Debug|x64.ActiveCfg = Debug|Any CPU
		{F1BD8EE3-3724-4F62-B188-174E9FD57D27}.Debug|x64.Build.0 = Debug|Any CPU
		{F1BD8EE3-3724-4F62-B188-174E9FD57D27}.Debug|x86.ActiveCfg = Debug|Any CPU
		{F1BD8EE3-3724-4F62-B188-174E9FD57D27}.Debug|x86.Build.0 = Debug|Any CPU
		{F1BD8EE3-3724-4F62-B188-174E9FD57D27}.Release|Any CPU.ActiveCfg = Release|Any CPU
		{F1BD8EE3-3724-4F62-B188-174E9FD57D27}.Release|Any CPU.Build.0 = Release|Any CPU
		{F1BD8EE3-3724-4F62-B188-174E9FD57D27}.Release|x64.ActiveCfg = Release|Any CPU
		{F1BD8EE3-3724-4F62-B188-174E9FD57D27}.Release|x64.Build.0 = Release|Any CPU
		{F1BD8EE3-3724-4F62-B188-174E9FD57D27}.Release|x86.ActiveCfg = Release|Any CPU
		{F1BD8EE3-3724-4F62-B188-174E9FD57D27}.Release|x86.Build.0 = Release|Any CPU
		{3D7A9C41-8E5B-4A62-9F13-2C6B0D48E7A5}.Debug|Any CPU.ActiveCfg = Debug|Any CPU
		{3D7A9C41-8E5B-4A62-9F13-2C6B0D48E7A5}.Debug|Any CPU.Build.0 = Debug|Any CPU
		{3D7A9C41-8E5B-4A62-9F13-2C6B0D48E7A5}.Debug|x64.ActiveCfg = Debug|Any CPU
		{3D7A9C41-8E5B-4A62-9F13-2C6B0D48E7A5}.Debug|x64.Build.0 = Debug|Any CPU
		{3D7A9C41-8E5B-4A62-9F13-2C6B0D48E7A5}.Debug|x86.ActiveCfg = Debug|Any CPU
		{3D7A9C41-8E5B-4A62-9F13-2C6B0D48E7A5}.Debug|x86.Build.0 = Debug|Any CPU
		{3D7A9C41-8E5B-4A62-9F13-2C6B0D48E7A5}.Release|Any CPU.ActiveCfg = Release|Any CPU
		{3D7A9C41-8E5B-4A62-9F13-2C6B0D48E7A5}.Release|Any CPU.Build.0 = Release|Any CPU
		{3D7A9C41-8E5B-4A62-9F13-2C6B0D48E7A5}.Release|x64.ActiveCfg = Release|Any CPU
		{3D7A9C41-8E5B-4A62-9F13-2C6B0D48E7A5}.Release|x64.Build.0 = Release|Any CPU
		{3D7A9C41-8E5B-4A62-9F13-2C6B0D48E7A5}.Release|x86.ActiveCfg = Release|Any CPU
		{3D7A9C41-8E5B-4A62-9F13-2C6B0D48E7A5}.Release|x86.Build.0 = Release|Any CPU
		{47FC24BF-DC3D-4F0C-A57C-C976F4F167EA}.Debug|Any CPU.ActiveCfg = Debug|Any CPU
		{47FC24BF-DC3D-4F0C-A57C-C976F4F167EA}.Debug|Any CPU.Build.0 = Debug|Any CPU
		{47FC24BF-DC3D-4F0C-A57C-C976F4F167EA}.Debug|x64.ActiveCfg = Debug|Any CPU
		{47FC24BF-DC3D-4F0C-A57C-C976F4F167EA}.Debug|x64.Build.0 = Debug|Any CPU
		{47FC24BF-DC3D-4F0C-A57C-C976F4F167EA}.Debug|x86.ActiveCfg = Debug|Any CPU
		{47FC24BF-DC3D-4F0C-A57C-C976F4F167EA}.Debug|x86.Build.0 = Debug|Any CPU
		{47FC24BF-DC3D-4F0C-A57C-C976F4F167EA}.Release|Any CPU.ActiveCfg = Release|Any CPU
		{47FC24BF-DC3D-4F0C-A57C-C976F4F167EA}.Release|Any CPU.Build.0 = Release|Any CPU
		{47FC24BF-DC3D-4F0C-A57C-C976F4F167EA}.Release|x64.ActiveCfg = Release|Any CPU
		{47FC24BF-DC3D-4F0C-A57C-C976F4F167EA}.Release|x64.Build.0 = Release|Any CPU
		{47FC24BF-DC3D-4F0C-A57C-C976F4F167EA}.Release|x86.ActiveCfg = Release|Any CPU
		{47FC24BF-DC3D-4F0C-A57C-C976F4F167EA}.Release|x86.Build.0 = Release|Any CPU
		{49586698-A781-49ED-BC62-7BE8D8BA6EB1}.Debug|Any CPU.ActiveCfg = Debug|Any CPU
		{49586698-A781-49ED-BC62-7BE8D8BA6EB1}.Debug|Any CPU.Build.0 = Debug|Any CPU
		{49586698-A781-49ED-BC62-7BE8D8BA6EB1}.Debug|x64.ActiveCfg = Debug|Any CPU
		{49586698-A781-49ED-BC62-7BE8D8BA6EB1}.Debug|x64.Build.0 = Debug|Any CPU
		{49586698-A781-49ED-BC62-7BE8D8BA6EB1}.Debug|x86.ActiveCfg = Debug|Any CPU
		{49586698-A781-49ED-BC62-7BE8D8BA6EB1}.Debug|x86.Build.0 = Debug|Any CPU
		{49586698-A781-49ED-BC62-7BE8D8BA6EB1}.Release|Any CPU.ActiveCfg = Release|Any CPU
		{49586698-A781-49ED-BC62-7BE8D8BA6EB1}.Release|Any CPU.Build.0 = Release|Any CPU
		{49586698-A781-49ED-BC62-7BE8D8BA6EB1}.Release|x64.ActiveCfg = Release|Any CPU
		{49586698-A781-49ED-BC62-7BE8D8BA6EB1}.Release|x64.Build.0 = Release|Any CPU
		{49586698-A781-49ED-BC62-7BE8D8BA6EB1}.Release|x86.ActiveCfg = Release|Any CPU
		{49586698-A781-49ED-BC62-7BE8D8BA6EB1}.Release|x86.Build.0 = Release|Any CPU
		{46D1C769-849D-4DEA-87AB-0856317870BD}.Debug|Any CPU.ActiveCfg = Debug|Any CPU
		{46D1C769-849D-4DEA-87AB-0856317870BD}.Debug|Any CPU.Build.0 = Debug|Any CPU
		{46D1C769-849D-4DEA-87AB-0856317870BD}.Debug|x64.ActiveCfg = Debug|Any CPU
		{46D1C769-849D-4DEA-87AB-0856317870BD}.Debug|x64.Build.0 = Debug|Any CPU
		{46D1C769-849D-4DEA-87AB-0856317870BD}.Debug|x86.ActiveCfg = Debug|Any CPU
		{46D1C769-849D-4DEA-87AB-0856317870BD}.Debug|x86.Build.0 = Debug|Any CPU
		{46D1C769-849D-4DEA-87AB-0856317870BD}.Release|Any CPU.ActiveCfg = Release|Any CPU
		{46D1C769-849D-4DEA-87AB-0856317870BD}.Release|Any CPU.Build.0 = Release|Any CPU
		{46D1C769-849D-4DEA-87AB-0856317870BD}.Release|x64.ActiveCfg = Release|Any CPU
		{46D1C769-849D-4DEA-87AB-0856317870BD}.Release|x64.Build.0 = Release|Any CPU
		{46D1C769-849D-4DEA-87AB-0856317870BD}.Release|x86.ActiveCfg = Release|Any CPU
		{46D1C769-849D-4DEA-87AB-0856317870BD}.Release|x86.Build.0 = Release|Any CPU
		{5A8E32CC-F1F0-4747-8801-3B51949D658B}.Debug|Any CPU.ActiveCfg = Debug|Any CPU
		{5A8E32CC-F1F0-4747-8801-3B51949D658B}.Debug|Any CPU.Build.0 = Debug|Any CPU
		{5A8E32CC-F1F0-4747-8801-3B51949D658B}.Debug|x64.ActiveCfg = Debug|Any CPU
		{5A8E32CC-F1F0-4747-8801-3B51949D658B}.Debug|x64.Build.0 = Debug|Any CPU
		{5A8E32CC-F1F0-4747-8801-3B51949D658B}.Debug|x86.ActiveCfg = Debug|Any CPU
		{5A8E32CC-F1F0-4747-8801-3B51949D658B}.Debug|x86.Build.0 = Debug|Any CPU
		{5A8E32CC-F1F0-4747-8801-3B51949D658B}.Release|Any CPU.ActiveCfg = Release|Any CPU
		{5A8E32CC-F1F0-4747-8801-3B51949D658B}.Release|Any CPU.Build.0 = Release|Any CPU
		{5A8E32CC-F1F0-4747-8801-3B51949D658B}.Release|x64.ActiveCfg = Release|Any CPU
		{5A8E32CC-F1F0-4747-8801-3B51949D658B}.Release|x64.Build.0 = Release|Any CPU
		{5A8E32CC-F1F0-4747-8801-3B51949D658B}.Release|x86.ActiveCfg = Release|Any CPU
		{5A8E32CC-F1F0-4747-8801-3B51949D658B}.Release|x86.Build.0 = Release|Any CPU
		{B6A58CB0-E200-4641-A037-C2672F3FD506}.Debug|Any CPU.ActiveCfg = Debug|Any CPU
		{B6A58CB0-E200-4641-A037-C2672F3FD506}.Debug|Any CPU.Build.0 = Debug|Any CPU
		{B6A58CB0-E200-4641-A037-C2672F3FD506}.Debug|x64.ActiveCfg = Debug|Any CPU
		{B6A58CB0-E200-4641-A037-C2672F3FD506}.Debug|x64.Build.0 = Debug|Any CPU
		{B6A58CB0-E200-4641-A037-C2672F3FD506}.Debug|x86.ActiveCfg = Debug|Any CPU
		{B6A58CB0-E200-4641-A037-C2672F3FD506}.Debug|x86.Build.0 = Debug|Any CPU
		{B6A58CB0-E200-4641-A037-C2672F3FD506}.Release|Any CPU.ActiveCfg = Release|Any CPU
		{B6A58CB0-E200-4641-A037-C2672F3FD506}.Release|Any CPU.Build.0 = Release|Any CPU
		{B6A58CB0-E200-4641-A037-C2672F3FD506}.Release|x64.ActiveCfg = Release|Any CPU
		{B6A58CB0-E200-4641-A037-C2672F3FD506}.Release|x64.Build.0 = Release|Any CPU
		{B6A58CB0-E200-4641-A037-C2672F3FD506}.Release|x86.ActiveCfg = Release|Any CPU
		{B6A58CB0-E200-4641-A037-C2672F3FD506}.Release|x86.Build.0 = Release|Any CPU
		{623F7B68-0D47-4BA1-86F1-1F4F75864F3F}.Debug|Any CPU.ActiveCfg = Debug|Any CPU
		{623F7B68-0D47-4BA1-86F1-1F4F75864F3F}.Debug|Any CPU.Build.0 = Debug|Any CPU
		{623F7B68-0D47-4BA1-86F1-1F4F75864F3F}.Debug|x64.ActiveCfg = Debug|Any CPU
		{623F7B68-0D47-4BA1-86F1-1F4F75864F3F}.Debug|x64.Build.0 = Debug|Any CPU
		{623F7B68-0D47-4BA1-86F1-1F4F75864F3F}.Debug|x86.ActiveCfg = Debug|Any CPU
		{623F7B68-0D47-4BA1-86F1-1F4F75864F3F}.Debug|x86.Build.0 = Debug|Any CPU
		{623F7B68-0D47-4BA1-86F1-1F4F75864F3F}.Release|Any CPU.ActiveCfg = Release|Any CPU
		{623F7B68-0D47-4BA1-86F1-1F4F75864F3F}.Release|Any CPU.Build.0 = Release|Any CPU
		{623F7B68-0D47-4BA1-86F1-1F4F75864F3F}.Release|x64.ActiveCfg = Release|Any CPU
		{623F7B68-0D47-4BA1-86F1-1F4F75864F3F}.Release|x64.Build.0 = Release|Any CPU
		{623F7B68-0D47-4BA1-86F1-1F4F75864F3F}.Release|x86.ActiveCfg = Release|Any CPU
		{623F7B68-0D47-4BA1-86F1-1F4F75864F3F}.Release|x86.Build.0 = Release|Any CPU
		{7C8CA880-A16A-4D33-9248-92A323A0EB04}.Debug|Any CPU.ActiveCfg = Debug|Any CPU
		{7C8CA880-A16A-4D33-9248-92A323A0EB04}.Debug|Any CPU.Build.0 = Debug|Any CPU
		{7C8CA880-A16A-4D33-9248-92A323A0EB04}.Debug|x64.ActiveCfg = Debug|Any CPU
		{7C8CA880-A16A-4D33-9248-92A323A0EB04}.Debug|x64.Build.0 = Debug|Any CPU
		{7C8CA880-A16A-4D33-9248-92A323A0EB04}.Debug|x86.ActiveCfg = Debug|Any CPU
		{7C8CA880-A16A-4D33-9248-92A323A0EB04}.Debug|x86.Build.0 = Debug|Any CPU
		{7C8CA880-A16A-4D33-9248-92A323A0EB04}.Release|Any CPU.ActiveCfg = Release|Any CPU
		{7C8CA880-A16A-4D33-9248-92A323A0EB04}.Release|Any CPU.Build.0 = Release|Any CPU
		{7C8CA880-A16A-4D33-9248-92A323A0EB04}.Release|x64.ActiveCfg = Release|Any CPU
		{7C8CA880-A16A-4D33-9248-92A323A0EB04}.Release|x64.Build.0 = Release|Any CPU
		{7C8CA880-A16A-4D33-9248-92A323A0EB04}.Release|x86.ActiveCfg = Release|Any CPU
		{7C8CA880-A16A-4D33-9248-92A323A0EB04}.Release|x86.Build.0 = Release|Any CPU
		{5E93A56B-45A1-44E3-A423-9DDCA1051A13}.Debug|Any CPU.ActiveCfg = Debug|Any CPU
		{5E93A56B-45A1-44E3-A423-9DDCA1051A13}.Debug|Any CPU.Build.0 = Debug|Any CPU
		{5E93A56B-45A1-44E3-A423-9DDCA1051A13}.Debug|x64.ActiveCfg = Debug|Any CPU
		{5E93A56B-45A1-44E3-A423-9DDCA1051A13}.Debug|x64.Build.0 = Debug|Any CPU
		{5E93A56B-45A1-44E3-A423-9DDCA1051A13}.Debug|x86.ActiveCfg = Debug|Any CPU
		{5E93A56B-45A1-44E3-A423-9DDCA1051A13}.Debug|x86.Build.0 = Debug|Any CPU
		{5E93A56B-45A1-44E3-A423-9DDCA1051A13}.Release|Any CPU.ActiveCfg = Release|Any CPU
		{5E93A56B-45A1-44E3-A423-9DDCA1051A13}.Release|Any CPU.Build.0 = Release|Any CPU
		{5E93A56B-45A1-44E3-A423-9DDCA1051A13}.Release|x64.ActiveCfg = Release|Any CPU
		{5E93A56B-45A1-44E3-A423-9DDCA1051A13}.Release|x64.Build.0 = Release|Any CPU
		{5E93A56B-45A1-44E3-A423-9DDCA1051A13}.Release|x86.ActiveCfg = Release|Any CPU
		{5E93A56B-45A1-44E3-A423-9DDCA1051A13}.Release|x86.Build.0 = Release|Any CPU
		{E59592A7-7B07-41DB-AE3F-1BAA7F9CADEC}.Debug|Any CPU.ActiveCfg = Debug|Any CPU
		{E59592A7-7B07-41DB-AE3F-1BAA7F9CADEC}.Debug|Any CPU.Build.0 = Debug|Any CPU
		{E59592A7-7B07-41DB-AE3F-1BAA7F9CADEC}.Debug|x64.ActiveCfg = Debug|Any CPU
		{E59592A7-7B07-41DB-AE3F-1BAA7F9CADEC}.Debug|x64.Build.0 = Debug|Any CPU
		{E59592A7-7B07-41DB-AE3F-1BAA7F9CADEC}.Debug|x86.ActiveCfg = Debug|Any CPU
		{E59592A7-7B07-41DB-AE3F-1BAA7F9CADEC}.Debug|x86.Build.0 = Debug|Any CPU
		{E59592A7-7B07-41DB-AE3F-1BAA7F9CADEC}.Release|Any CPU.ActiveCfg = Release|Any CPU
		{E59592A7-7B07-41DB-AE3F-1BAA7F9CADEC}.Release|Any CPU.Build.0 = Release|Any CPU
		{E59592A7-7B07-41DB-AE3F-1BAA7F9CADEC}.Release|x64.ActiveCfg = Release|Any CPU
		{E59592A7-7B07-41DB-AE3F-1BAA7F9CADEC}.Release|x64.Build.0 = Release|Any CPU
		{E59592A7-7B07-41DB-AE3F-1BAA7F9CADEC}.Release|x86.ActiveCfg = Release|Any CPU
		{E59592A7-7B07-41DB-AE3F-1BAA7F9CADEC}.Release|x86.Build.0 = Release|Any CPU
		{34A223B8-006A-46FB-BF7C-7E15F03D0EF3}.Debug|Any CPU.ActiveCfg = Debug|Any CPU
		{34A223B8-006A-46FB-BF7C-7E15F03D0EF3}.Debug|Any CPU.Build.0 = Debug|Any CPU
		{34A223B8-006A-46FB-BF7C-7E15F03D0EF3}.Debug|x64.ActiveCfg = Debug|Any CPU
		{34A223B8-006A-46FB-BF7C-7E15F03D0EF3}.Debug|x64.Build.0 = Debug|Any CPU
		{34A223B8-006A-46FB-BF7C-7E15F03D0EF3}.Debug|x86.ActiveCfg = Debug|Any CPU
		{34A223B8-006A-46FB-BF7C-7E15F03D0EF3}.Debug|x86.Build.0 = Debug|Any CPU
		{34A223B8-006A-46FB-BF7C-7E15F03D0EF3}.Release|Any CPU.ActiveCfg = Release|Any CPU
		{34A223B8-006A-46FB-BF7C-7E15F03D0EF3}.Release|Any CPU.Build.0 = Release|Any CPU
		{34A223B8-006A-46FB-BF7C-7E15F03D0EF3}.Release|x64.ActiveCfg = Release|Any CPU
		{34A223B8-006A-46FB-BF7C-7E15F03D0EF3}.Release|x64.Build.0 = Release|Any CPU
		{34A223B8-006A-46FB-BF7C-7E15F03D0EF3}.Release|x86.ActiveCfg = Release|Any CPU
		{34A223B8-006A-46FB-BF7C-7E15F03D0EF3}.Release|x86.Build.0 = Release|Any CPU
		{2CA23BA2-4234-40F2-B4CA-ED264D128555}.Debug|Any CPU.ActiveCfg = Debug|Any CPU
		{2CA23BA2-4234-40F2-B4CA-ED264D128555}.Debug|Any CPU.Build.0 = Debug|Any CPU
		{2CA23BA2-4234-40F2-B4CA-ED264D128555}.Debug|x64.ActiveCfg = Debug|Any CPU
		{2CA23BA2-4234-40F2-B4CA-ED264D128555}.Debug|x64.Build.0 = Debug|Any CPU
		{2CA23BA2-4234-40F2-B4CA-ED264D128555}.Debug|x86.ActiveCfg = Debug|Any CPU
		{2CA23BA2-4234-40F2-B4CA-ED264D128555}.Debug|x86.Build.0 = Debug|Any CPU
		{2CA23BA2-4234-40F2-B4CA-ED264D128555}.Release|Any CPU.ActiveCfg = Release|Any CPU
		{2CA23BA2-4234-40F2-B4CA-ED264D128555}.Release|Any CPU.Build.0 = Release|Any CPU
		{2CA23BA2-4234-40F2-B4CA-ED264D128555}.Release|x64.ActiveCfg = Release|Any CPU
		{2CA23BA2-4234-40F2-B4CA-ED264D128555}.Release|x64.Build.0 = Release|Any CPU
		{2CA23BA2-4234-40F2-B4CA-ED264D128555}.Release|x86.ActiveCfg = Release|Any CPU
		{2CA23BA2-4234-40F2-B4CA-ED264D128555}.Release|x86.Build.0 = Release|Any CPU
		{6F8D42C5-5973-4B07-AE77-E6C40E866C5D}.Debug|Any CPU.ActiveCfg = Debug|Any CPU
		{6F8D42C5-5973-4B07-AE77-E6C40E866C5D}.Debug|Any CPU.Build.0 = Debug|Any CPU
		{6F8D42C5-5973-4B07-AE77-E6C40E866C5D}.Debug|x64.ActiveCfg = Debug|Any CPU
		{6F8D42C5-5973-4B07-AE77-E6C40E866C5D}.Debug|x64.Build.0 = Debug|Any CPU
		{6F8D42C5-5973-4B07-AE77-E6C40E866C5D}.Debug|x86.ActiveCfg = Debug|Any CPU
		{6F8D42C5-5973-4B07-AE77-E6C40E866C5D}.Debug|x86.Build.0 = Debug|Any CPU
		{6F8D42C5-5973-4B07-AE77-E6C40E866C5D}.Release|Any CPU.ActiveCfg = Release|Any CPU
		{6F8D42C5-5973-4B07-AE77-E6C40E866C5D}.Release|Any CPU.Build.0 = Release|Any CPU
		{6F8D42C5-5973-4B07-AE77-E6C40E866C5D}.Release|x64.ActiveCfg = Release|Any CPU
		{6F8D42C5-5973-4B07-AE77-E6C40E866C5D}.Release|x64.Build.0 = Release|Any CPU
		{6F8D42C5-5973-4B07-AE77-E6C40E866C5D}.Release|x86.ActiveCfg = Release|Any CPU
		{6F8D42C5-5973-4B07-AE77-E6C40E866C5D}.Release|x86.Build.0 = Release|Any CPU
		{756E6B50-FB68-4BAD-AC90-A981039CF5B0}.Debug|Any CPU.ActiveCfg = Debug|Any CPU
		{756E6B50-FB68-4BAD-AC90-A981039CF5B0}.Debug|Any CPU.Build.0 = Debug|Any CPU
		{756E6B50-FB68-4BAD-AC90-A981039CF5B0}.Debug|x64.ActiveCfg = Debug|Any CPU
		{756E6B50-FB68-4BAD-AC90-A981039CF5B0}.Debug|x64.Build.0 = Debug|Any CPU
		{756E6B50-FB68-4BAD-AC90-A981039CF5B0}.Debug|x86.ActiveCfg = Debug|Any CPU
		{756E6B50-FB68-4BAD-AC90-A981039CF5B0}.Debug|x86.Build.0 = Debug|Any CPU
		{756E6B50-FB68-4BAD-AC90-A981039CF5B0}.Release|Any CPU.ActiveCfg = Release|Any CPU
		{756E6B50-FB68-4BAD-AC90-A981039CF5B0}.Release|Any CPU.Build.0 = Release|Any CPU
		{756E6B50-FB68-4BAD-AC90-A981039CF5B0}.Release|x64.ActiveCfg = Release|Any CPU
		{756E6B50-FB68-4BAD-AC90-A981039CF5B0}.Release|x64.Build.0 = Release|Any CPU
		{756E6B50-FB68-4BAD-AC90-A981039CF5B0}.Release|x86.ActiveCfg = Release|Any CPU
		{756E6B50-FB68-4BAD-AC90-A981039CF5B0}.Release|x86.Build.0 = Release|Any CPU
		{EEB80B86-4AD2-4687-8576-058E828B4726}.Debug|Any CPU.ActiveCfg = Debug|Any CPU
		{EEB80B86-4AD2-4687-8576-058E828B4726}.Debug|Any CPU.Build.0 = Debug|Any CPU
		{EEB80B86-4AD2-4687-8576-058E828B4726}.Debug|x64.ActiveCfg = Debug|Any CPU
		{EEB80B86-4AD2-4687-8576-058E828B4726}.Debug|x64.Build.0 = Debug|Any CPU
		{EEB80B86-4AD2-4687-8576-058E828B4726}.Debug|x86.ActiveCfg = Debug|Any CPU
		{EEB80B86-4AD2-4687-8576-058E828B4726}.Debug|x86.Build.0 = Debug|Any CPU
		{EEB80B86-4AD2-4687-8576-058E828B4726}.Release|Any CPU.ActiveCfg = Release|Any CPU
		{EEB80B86-4AD2-4687-8576-058E828B4726}.Release|Any CPU.Build.0 = Release|Any CPU
		{EEB80B86-4AD2-4687-8576-058E828B4726}.Release|x64.ActiveCfg = Release|Any CPU
		{EEB80B86-4AD2-4687-8576-058E828B4726}.Release|x64.Build.0 = Release|Any CPU
		{EEB80B86-4AD2-4687-8576-058E828B4726}.Release|x86.ActiveCfg = Release|Any CPU
		{EEB80B86-4AD2-4687-8576-058E828B4726}.Release|x86.Build.0 = Release|Any CPU
		{A74960AB-92E8-4CEB-B450-7A6711866549}.Debug|Any CPU.ActiveCfg = Debug|Any CPU
		{A74960AB-92E8-4CEB-B450-7A6711866549}.Debug|Any CPU.Build.0 = Debug|Any CPU
		{A74960AB-92E8-4CEB-B450-7A6711866549}.Debug|x64.ActiveCfg = Debug|Any CPU
		{A74960AB-92E8-4CEB-B450-7A6711866549}.Debug|x64.Build.0 = Debug|Any CPU
		{A74960AB-92E8-4CEB-B450-7A6711866549}.Debug|x86.ActiveCfg = Debug|Any CPU
		{A74960AB-92E8-4CEB-B450-7A6711866549}.Debug|x86.Build.0 = Debug|Any CPU
		{A74960AB-92E8-4CEB-B450-7A6711866549}.Release|Any CPU.ActiveCfg = Release|Any CPU
		{A74960AB-92E8-4CEB-B450-7A6711866549}.Release|Any CPU.Build.0 = Release|Any CPU
		{A74960AB-92E8-4CEB-B450-7A6711866549}.Release|x64.ActiveCfg = Release|Any CPU
		{A74960AB-92E8-4CEB-B450-7A6711866549}.Release|x64.Build.0 = Release|Any CPU
		{A74960AB-92E8-4CEB-B450-7A6711866549}.Release|x86.ActiveCfg = Release|Any CPU
		{A74960AB-92E8-4CEB-B450-7A6711866549}.Release|x86.Build.0 = Release|Any CPU
		{DB273D35-AF0C-4E24-8D52-1AFF8F592D6E}.Debug|Any CPU.ActiveCfg = Debug|Any CPU
		{DB273D35-AF0C-4E24-8D52-1AFF8F592D6E}.Debug|Any CPU.Build.0 = Debug|Any CPU
		{DB273D35-AF0C-4E24-8D52-1AFF8F592D6E}.Debug|x64.ActiveCfg = Debug|Any CPU
		{DB273D35-AF0C-4E24-8D52-1AFF8F592D6E}.Debug|x64.Build.0 = Debug|Any CPU
		{DB273D35-AF0C-4E24-8D52-1AFF8F592D6E}.Debug|x86.ActiveCfg = Debug|Any CPU
		{DB273D35-AF0C-4E24-8D52-1AFF8F592D6E}.Debug|x86.Build.0 = Debug|Any CPU
		{DB273D35-AF0C-4E24-8D52-1AFF8F592D6E}.Release|Any CPU.ActiveCfg = Release|Any CPU
		{DB273D35-AF0C-4E24-8D52-1AFF8F592D6E}.Release|Any CPU.Build.0 = Release|Any CPU
		{DB273D35-AF0C-4E24-8D52-1AFF8F592D6E}.Release|x64.ActiveCfg = Release|Any CPU
		{DB273D35-AF0C-4E24-8D52-1AFF8F592D6E}.Release|x64.Build.0 = Release|Any CPU
		{DB273D35-AF0C-4E24-8D52-1AFF8F592D6E}.Release|x86.ActiveCfg = Release|Any CPU
		{DB273D35-AF0C-4E24-8D52-1AFF8F592D6E}.Release|x86.Build.0 = Release|Any CPU
		{7EEE68DE-931E-4DF8-8C4A-334D87C1EA21}.Debug|Any CPU.ActiveCfg = Debug|Any CPU
		{7EEE68DE-931E-4DF8-8C4A-334D87C1EA21}.Debug|Any CPU.Build.0 = Debug|Any CPU
		{7EEE68DE-931E-4DF8-8C4A-334D87C1EA21}.Debug|x64.ActiveCfg = Debug|Any CPU
		{7EEE68DE-931E-4DF8-8C4A-334D87C1EA21}.Debug|x64.Build.0 = Debug|Any CPU
		{7EEE68DE-931E-4DF8-8C4A-334D87C1EA21}.Debug|x86.ActiveCfg = Debug|Any CPU
		{7EEE68DE-931E-4DF8-8C4A-334D87C1EA21}.Debug|x86.Build.0 = Debug|Any CPU
		{7EEE68DE-931E-4DF8-8C4A-334D87C1EA21}.Release|Any CPU.ActiveCfg = Release|Any CPU
		{7EEE68DE-931E-4DF8-8C4A-334D87C1EA21}.Release|Any CPU.Build.0 = Release|Any CPU
		{7EEE68DE-931E-4DF8-8C4A-334D87C1EA21}.Release|x64.ActiveCfg = Release|Any CPU
		{7EEE68DE-931E-4DF8-8C4A-334D87C1EA21}.Release|x64.Build.0 = Release|Any CPU
		{7EEE68DE-931E-4DF8-8C4A-334D87C1EA21}.Release|x86.ActiveCfg = Release|Any CPU
		{7EEE68DE-931E-4DF8-8C4A-334D87C1EA21}.Release|x86.Build.0 = Release|Any CPU
		{4185AC81-47B4-4694-AC04-0AD47923EF67}.Debug|Any CPU.ActiveCfg = Debug|Any CPU
		{4185AC81-47B4-4694-AC04-0AD47923EF67}.Debug|Any CPU.Build.0 = Debug|Any CPU
		{4185AC81-47B4-4694-AC04-0AD47923EF67}.Debug|x64.ActiveCfg = Debug|Any CPU
		{4185AC81-47B4-4694-AC04-0AD47923EF67}.Debug|x64.Build.0 = Debug|Any CPU
		{4185AC81-47B4-4694-AC04-0AD47923EF67}.Debug|x86.ActiveCfg = Debug|Any CPU
		{4185AC81-47B4-4694-AC04-0AD47923EF67}.Debug|x86.Build.0 = Debug|Any CPU
		{4185AC81-47B4-4694-AC04-0AD47923EF67}.Release|Any CPU.ActiveCfg = Release|Any CPU
		{4185AC81-47B4-4694-AC04-0AD47923EF67}.Release|Any CPU.Build.0 = Release|Any CPU
		{4185AC81-47B4-4694-AC04-0AD47923EF67}.Release|x64.ActiveCfg = Release|Any CPU
		{4185AC81-47B4-4694-AC04-0AD47923EF67}.Release|x64.Build.0 = Release|Any CPU
		{4185AC81-47B4-4694-AC04-0AD47923EF67}.Release|x86.ActiveCfg = Release|Any CPU
		{4185AC81-47B4-4694-AC04-0AD47923EF67}.Release|x86.Build.0 = Release|Any CPU
		{C0D4D9F7-81EC-4CBD-9D41-CC0A2999126E}.Debug|Any CPU.ActiveCfg = Debug|Any CPU
		{C0D4D9F7-81EC-4CBD-9D41-CC0A2999126E}.Debug|Any CPU.Build.0 = Debug|Any CPU
		{C0D4D9F7-81EC-4CBD-9D41-CC0A2999126E}.Debug|x64.ActiveCfg = Debug|Any CPU
		{C0D4D9F7-81EC-4CBD-9D41-CC0A2999126E}.Debug|x64.Build.0 = Debug|Any CPU
		{C0D4D9F7-81EC-4CBD-9D41-CC0A2999126E}.Debug|x86.ActiveCfg = Debug|Any CPU
		{C0D4D9F7-81EC-4CBD-9D41-CC0A2999126E}.Debug|x86.Build.0 = Debug|Any CPU
		{C0D4D9F7-81EC-4CBD-9D41-CC0A2999126E}.Release|Any CPU.ActiveCfg = Release|Any CPU
		{C0D4D9F7-81EC-4CBD-9D41-CC0A2999126E}.Release|Any CPU.Build.0 = Release|Any CPU
		{C0D4D9F7-81EC-4CBD-9D41-CC0A2999126E}.Release|x64.ActiveCfg = Release|Any CPU
		{C0D4D9F7-81EC-4CBD-9D41-CC0A2999126E}.Release|x64.Build.0 = Release|Any CPU
		{C0D4D9F7-81EC-4CBD-9D41-CC0A2999126E}.Release|x86.ActiveCfg = Release|Any CPU
		{C0D4D9F7-81EC-4CBD-9D41-CC0A2999126E}.Release|x86.Build.0 = Release|Any CPU
	EndGlobalSection
	GlobalSection(SolutionProperties) = preSolution
		HideSolutionNode = FALSE
	EndGlobalSection
	GlobalSection(NestedProjects) = preSolution
		{61068976-BD84-4AD9-92F0-0C274F8A1780} = {B7F10ED7-40B9-4063-F4B2-F2928D75FB2A}
		{A943E2DD-8791-48C4-8361-7F9E9D283250} = {B7F10ED7-40B9-4063-F4B2-F2928D75FB2A}
		{F6F02EA2-97D0-43E3-8F6C-2948429F80BF} = {B7F10ED7-40B9-4063-F4B2-F2928D75FB2A}
		{B040176A-72FA-44B1-AE24-FD33B7A77E6E} = {B7F10ED7-40B9-4063-F4B2-F2928D75FB2A}
		{F1BD8EE3-3724-4F62-B188-174E9FD57D27} = {B7F10ED7-40B9-4063-F4B2-F2928D75FB2A}
		{3D7A9C41-8E5B-4A62-9F13-2C6B0D48E7A5} = {B7F10ED7-40B9-4063-F4B2-F2928D75FB2A}
		{47FC24BF-DC3D-4F0C-A57C-C976F4F167EA} = {B7F10ED7-40B9-4063-F4B2-F2928D75FB2A}
		{49586698-A781-49ED-BC62-7BE8D8BA6EB1} = {B7F10ED7-40B9-4063-F4B2-F2928D75FB2A}
		{46D1C769-849D-4DEA-87AB-0856317870BD} = {B7F10ED7-40B9-4063-F4B2-F2928D75FB2A}
		{5A8E32CC-F1F0-4747-8801-3B51949D658B} = {B7F10ED7-40B9-4063-F4B2-F2928D75FB2A}
		{B6A58CB0-E200-4641-A037-C2672F3FD506} = {B7F10ED7-40B9-4063-F4B2-F2928D75FB2A}
		{623F7B68-0D47-4BA1-86F1-1F4F75864F3F} = {B7F10ED7-40B9-4063-F4B2-F2928D75FB2A}
		{7C8CA880-A16A-4D33-9248-92A323A0EB04} = {B7F10ED7-40B9-4063-F4B2-F2928D75FB2A}
		{5E93A56B-45A1-44E3-A423-9DDCA1051A13} = {B7F10ED7-40B9-4063-F4B2-F2928D75FB2A}
		{E59592A7-7B07-41DB-AE3F-1BAA7F9CADEC} = {B7F10ED7-40B9-4063-F4B2-F2928D75FB2A}
		{34A223B8-006A-46FB-BF7C-7E15F03D0EF3} = {B7F10ED7-40B9-4063-F4B2-F2928D75FB2A}
		{2CA23BA2-4234-40F2-B4CA-ED264D128555} = {B7F10ED7-40B9-4063-F4B2-F2928D75FB2A}
		{6F8D42C5-5973-4B07-AE77-E6C40E866C5D} = {B7F10ED7-40B9-4063-F4B2-F2928D75FB2A}
		{756E6B50-FB68-4BAD-AC90-A981039CF5B0} = {B7F10ED7-40B9-4063-F4B2-F2928D75FB2A}
		{EEB80B86-4AD2-4687-8576-058E828B4726} = {B7F10ED7-40B9-4063-F4B2-F2928D75FB2A}
		{A74960AB-92E8-4CEB-B450-7A6711866549} = {B7F10ED7-40B9-4063-F4B2-F2928D75FB2A}
		{DB273D35-AF0C-4E24-8D52-1AFF8F592D6E} = {B7F10ED7-40B9-4063-F4B2-F2928D75FB2A}
		{7EEE68DE-931E-4DF8-8C4A-334D87C1EA21} = {B7F10ED7-40B9-4063-F4B2-F2928D75FB2A}
		{4185AC81-47B4-4694-AC04-0AD47923EF67} = {B7F10ED7-40B9-4063-F4B2-F2928D75FB2A}
		{C0D4D9F7-81EC-4CBD-9D41-CC0A2999126E} = {B7F10ED7-40B9-4063-F4B2-F2928D75FB2A}
	EndGlobalSection
	GlobalSection(ExtensibilityGlobals) = postSolution
		SolutionGuid = {425FF5BB-3CA9-4756-A222-E1BBF4218F66}
	EndGlobalSection
EndGlobal
